{
  "requires": true,
  "lockfileVersion": 1,
  "dependencies": {
    "mdr-angular-select2": {
      "version": "1.0.6",
      "resolved": "https://registry.npmjs.org/mdr-angular-select2/-/mdr-angular-select2-1.0.6.tgz",
      "integrity": "sha512-GFwFNTqPw9FKV1zBFFFooOQKbUp6LdTz7ifh5ARaw6kLxBP2wWhzUADfC0AU8i8QOfxbf6RfTYeqf1qLuJ1DOw=="
    },
    "select2": {
      "version": "4.1.0-rc.0",
      "resolved": "https://registry.npmjs.org/select2/-/select2-4.1.0-rc.0.tgz",
      "integrity": "sha512-Hr9TdhyHCZUtwznEH2CBf7967mEM0idtJ5nMtjvk3Up5tPukOLXbHUNmh10oRfeNIhj+3GD3niu+g6sVK+gK0A=="
    }
  }
}
